<?xml version="1.0" encoding="utf-8"?>
<Project ToolsVersion="4.0" xmlns="http://schemas.microsoft.com/developer/msbuild/2003">
  <ItemGroup>
    <Filter Include="源文件">
      <UniqueIdentifier>{4FC737F1-C7A5-4376-A066-2A32D752A2FF}</UniqueIdentifier>
      <Extensions>cpp;c;cc;cxx;c++;cppm;ixx;def;odl;idl;hpj;bat;asm;asmx</Extensions>
    </Filter>
    <Filter Include="头文件">
      <UniqueIdentifier>{93995380-89BD-4b04-88EB-625FBE52EBFB}</UniqueIdentifier>
      <Extensions>h;hh;hpp;hxx;h++;hm;inl;inc;ipp;xsd</Extensions>
    </Filter>
    <Filter Include="资源文件">
      <UniqueIdentifier>{67DA6AB6-F800-4c08-8B7A-83BB121AAD01}</UniqueIdentifier>
      <Extensions>rc;ico;cur;bmp;dlg;rc2;rct;bin;rgs;gif;jpg;jpeg;jpe;resx;tiff;tif;png;wav;mfcribbon-ms</Extensions>
    </Filter>
  </ItemGroup>
  <ItemGroup>
    <ClCompile Include="Src\editor_main.cpp">
      <Filter>源文件</Filter>
    </ClCompile>
    <ClCompile Include="Src\Editor\ExampleWorldGenerator.cpp">
      <Filter>源文件</Filter>
    </ClCompile>
    <ClCompile Include="Src\Editor\EditorProject.cpp">
      <Filter>源文件</Filter>
    </ClCompile>
    <ClCompile Include="Src\Editor\EditorSelection.cpp">
      <Filter>源文件</Filter>
    </ClCompile>
    <ClCompile Include="Src\Editor\EditorSystem.cpp">
      <Filter>源文件</Filter>
    </ClCompile>
    <ClCompile Include="Src\Editor\EnsViewPanel.cpp">
      <Filter>源文件</Filter>
    </ClCompile>
    <ClCompile Include="Src\Editor\PanelManager.cpp">
      <Filter>源文件</Filter>
    </ClCompile>
    <ClCompile Include="Src\Editor\ProjectPanel.cpp">
      <Filter>源文件</Filter>
    </ClCompile>
  </ItemGroup>
  <ItemGroup>
    <ClInclude Include="Src\Editor\ExampleWorldGenerator.h">
      <Filter>头文件</Filter>
    </ClInclude>
    <ClInclude Include="Src\Editor\EditorProject.h">
      <Filter>头文件</Filter>
    </ClInclude>
    <ClInclude Include="Src\Editor\EditorSelection.h">
      <Filter>头文件</Filter>
    </ClInclude>
    <ClInclude Include="Src\Editor\EditorSystem.h">
      <Filter>头文件</Filter>
    </ClInclude>
    <ClInclude Include="Src\Editor\EnsViewPanel.h">
      <Filter>头文件</Filter>
    </ClInclude>
    <ClInclude Include="Src\Editor\IEditorPanel.h">
      <Filter>头文件</Filter>
    </ClInclude>
    <ClInclude Include="Src\Editor\PanelManager.h">
      <Filter>头文件</Filter>
    </ClInclude>
    <ClInclude Include="Src\Editor\ProjectPanel.h">
      <Filter>头文件</Filter>
    </ClInclude>
  </ItemGroup>
  <ItemGroup>
    <None Include="..\ExampleProject\ExampleProject.oeproj">
      <Filter>资源文件</Filter>
    </None>
    <None Include="..\ExampleProject\Worlds\example_world.world">
      <Filter>资源文件</Filter>
    </None>
    <None Include="..\ExampleProject\Resources\Examples\World\Meshes\cube.obj">
      <Filter>资源文件</Filter>
    </None>
    <None Include="..\ExampleProject\Resources\Examples\World\Meshes\cube.mtl">
      <Filter>资源文件</Filter>
    </None>
    <None Include="..\ExampleProject\Resources\Examples\World\Meshes\ground.obj">
      <Filter>资源文件</Filter>
    </None>
    <None Include="..\ExampleProject\Resources\Examples\World\Meshes\ground.mtl">
      <Filter>资源文件</Filter>
    </None>
    <None Include="..\ExampleProject\Resources\Examples\World\Shaders\blinn_phong_shadow.vert.glsl">
      <Filter>资源文件</Filter>
    </None>
    <None Include="..\ExampleProject\Resources\Examples\World\Shaders\blinn_phong_shadow.frag.glsl">
      <Filter>资源文件</Filter>
    </None>
    <None Include="..\ExampleProject\Resources\Examples\World\Textures\sky_blue.png">
      <Filter>资源文件</Filter>
    </None>
    <None Include="..\ExampleProject\Resources\Engine\Shaders\shadow_depth.vert.glsl">
      <Filter>资源文件</Filter>
    </None>
    <None Include="..\ExampleProject\Resources\Engine\Shaders\shadow_depth.frag.glsl">
      <Filter>资源文件</Filter>
    </None>
    <None Include="..\ExampleProject\Resources\Engine\Shaders\skybox.vert.glsl">
      <Filter>资源文件</Filter>
    </None>
    <None Include="..\ExampleProject\Resources\Engine\Shaders\skybox.frag.glsl">
      <Filter>资源文件</Filter>
    </None>
  </ItemGroup>
</Project>
