<?xml version="1.0" encoding="utf-8"?>
<Project ToolsVersion="4.0" xmlns="http://schemas.microsoft.com/developer/msbuild/2003">
  <ItemGroup>
    <Filter Include="源文件">
      <UniqueIdentifier>{4FC737F1-C7A5-4376-A066-2A32D752A2FF}</UniqueIdentifier>
      <Extensions>cpp;c;cc;cxx;c++;cppm;ixx;def;odl;idl;hpj;bat;asm;asmx</Extensions>
    </Filter>
    <Filter Include="资源文件">
      <UniqueIdentifier>{67DA6AB6-F800-4c08-8B7A-83BB121AAD01}</UniqueIdentifier>
      <Extensions>rc;ico;cur;bmp;dlg;rc2;rct;bin;rgs;gif;jpg;jpeg;jpe;resx;tiff;tif;png;wav;mfcribbon-ms</Extensions>
    </Filter>
  </ItemGroup>
  <ItemGroup>
    <ClCompile Include="Src\game_main.cpp">
      <Filter>源文件</Filter>
    </ClCompile>
    <ClCompile Include="..\OrbedenCore\Src\example_world.cpp">
      <Filter>源文件</Filter>
    </ClCompile>
  </ItemGroup>
  <ItemGroup>
    <None Include="..\ExampleProject\ExampleProject.oeproj">
      <Filter>资源文件</Filter>
    </None>
    <None Include="..\ExampleProject\Worlds\example_world.world">
      <Filter>资源文件</Filter>
    </None>
    <None Include="..\ExampleProject\Resources\Examples\World\Meshes\cube.obj">
      <Filter>资源文件</Filter>
    </None>
    <None Include="..\ExampleProject\Resources\Examples\World\Meshes\cube.mtl">
      <Filter>资源文件</Filter>
    </None>
    <None Include="..\ExampleProject\Resources\Examples\World\Meshes\ground.obj">
      <Filter>资源文件</Filter>
    </None>
    <None Include="..\ExampleProject\Resources\Examples\World\Meshes\ground.mtl">
      <Filter>资源文件</Filter>
    </None>
    <None Include="..\ExampleProject\Resources\Examples\World\Shaders\blinn_phong_shadow.vert.glsl">
      <Filter>资源文件</Filter>
    </None>
    <None Include="..\ExampleProject\Resources\Examples\World\Shaders\blinn_phong_shadow.frag.glsl">
      <Filter>资源文件</Filter>
    </None>
    <None Include="..\ExampleProject\Resources\Examples\World\Textures\sky_blue.png">
      <Filter>资源文件</Filter>
    </None>
    <None Include="..\ExampleProject\Resources\Engine\Shaders\shadow_depth.vert.glsl">
      <Filter>资源文件</Filter>
    </None>
    <None Include="..\ExampleProject\Resources\Engine\Shaders\shadow_depth.frag.glsl">
      <Filter>资源文件</Filter>
    </None>
    <None Include="..\ExampleProject\Resources\Engine\Shaders\skybox.vert.glsl">
      <Filter>资源文件</Filter>
    </None>
    <None Include="..\ExampleProject\Resources\Engine\Shaders\skybox.frag.glsl">
      <Filter>资源文件</Filter>
    </None>
  </ItemGroup>
</Project>
