<?xml version="1.0" encoding="utf-8"?>
<Project ToolsVersion="4.0" xmlns="http://schemas.microsoft.com/developer/msbuild/2003">
  <ItemGroup>
    <Filter Include="源文件">
      <UniqueIdentifier>{4FC737F1-C7A5-4376-A066-2A32D752A2FF}</UniqueIdentifier>
      <Extensions>cpp;c;cc;cxx;c++;cppm;ixx;def;odl;idl;hpj;bat;asm;asmx</Extensions>
    </Filter>
    <Filter Include="头文件">
      <UniqueIdentifier>{93995380-89BD-4b04-88EB-625FBE52EBFB}</UniqueIdentifier>
      <Extensions>h;hh;hpp;hxx;h++;hm;inl;inc;ipp;xsd</Extensions>
    </Filter>
    <Filter Include="资源文件">
      <UniqueIdentifier>{67DA6AB6-F800-4c08-8B7A-83BB121AAD01}</UniqueIdentifier>
      <Extensions>rc;ico;cur;bmp;dlg;rc2;rct;bin;rgs;gif;jpg;jpeg;jpe;resx;tiff;tif;png;wav;mfcribbon-ms</Extensions>
    </Filter>
  </ItemGroup>
  <ItemGroup>
    <ClInclude Include="Src\Application.h">
      <Filter>头文件</Filter>
    </ClInclude>
    <ClInclude Include="Src\Defines\types.h">
      <Filter>头文件</Filter>
    </ClInclude>
    <ClInclude Include="Src\FileSystem\FileSystem.h">
      <Filter>头文件</Filter>
    </ClInclude>
    <ClInclude Include="Src\Log\Log.h">
      <Filter>头文件</Filter>
    </ClInclude>
    <ClInclude Include="Src\Memory\MemoryManager.h">
      <Filter>头文件</Filter>
    </ClInclude>
    <ClInclude Include="Src\Runtime\Object.h">
      <Filter>头文件</Filter>
    </ClInclude>
    <ClInclude Include="Src\Runtime\EnsId.h">
      <Filter>头文件</Filter>
    </ClInclude>
    <ClInclude Include="Src\Runtime\Ens.h">
      <Filter>头文件</Filter>
    </ClInclude>
    <ClInclude Include="Src\Runtime\EngineTypes.h">
      <Filter>头文件</Filter>
    </ClInclude>
    <ClInclude Include="Src\Profiler\Profiler.h">
      <Filter>头文件</Filter>
    </ClInclude>
    <ClInclude Include="Src\Runtime\World.h">
      <Filter>头文件</Filter>
    </ClInclude>
    <ClInclude Include="Src\Runtime\Reflection.h">
      <Filter>头文件</Filter>
    </ClInclude>
    <ClInclude Include="Src\Runtime\WorldSerializer.h">
      <Filter>头文件</Filter>
    </ClInclude>
    <ClInclude Include="Src\Runtime\SpaceComponent.h">
      <Filter>头文件</Filter>
    </ClInclude>
    <ClInclude Include="Src\Runtime\AssetPipeline.h">
      <Filter>头文件</Filter>
    </ClInclude>
    <ClInclude Include="Src\Runtime\ResourceManager.h">
      <Filter>头文件</Filter>
    </ClInclude>
    <ClInclude Include="Src\Runtime\Resources\Material.h">
      <Filter>头文件</Filter>
    </ClInclude>
    <ClInclude Include="Src\Runtime\Resources\MaterialShader.h">
      <Filter>头文件</Filter>
    </ClInclude>
    <ClInclude Include="Src\Runtime\Resources\Mesh.h">
      <Filter>头文件</Filter>
    </ClInclude>
    <ClInclude Include="Src\Runtime\Resources\Texture2D.h">
      <Filter>头文件</Filter>
    </ClInclude>
    <ClInclude Include="Src\Runtime\Resources\Skybox.h">
      <Filter>头文件</Filter>
    </ClInclude>
    <ClInclude Include="Src\ThirdParty\stb\stb_image.h">
      <Filter>头文件</Filter>
    </ClInclude>
    <ClInclude Include="Src\Platform\Window.h">
      <Filter>头文件</Filter>
    </ClInclude>
    <ClInclude Include="Src\Platform\GlfwWindow.h">
      <Filter>头文件</Filter>
    </ClInclude>
    <ClInclude Include="Src\Platform\InputManager.h">
      <Filter>头文件</Filter>
    </ClInclude>
    <ClInclude Include="Src\Runtime\Camera.h">
      <Filter>头文件</Filter>
    </ClInclude>
    <ClInclude Include="Src\Runtime\DirectionalLight.h">
      <Filter>头文件</Filter>
    </ClInclude>
    <ClInclude Include="Src\Runtime\StaticMeshRenderer.h">
      <Filter>头文件</Filter>
    </ClInclude>
    <ClInclude Include="Src\Rendering\RenderTypes.h">
      <Filter>头文件</Filter>
    </ClInclude>
    <ClInclude Include="Src\Rendering\RenderMath.h">
      <Filter>头文件</Filter>
    </ClInclude>
    <ClInclude Include="Src\Rendering\RenderScene.h">
      <Filter>头文件</Filter>
    </ClInclude>
    <ClInclude Include="Src\Rendering\SpaceCache.h">
      <Filter>头文件</Filter>
    </ClInclude>
    <ClInclude Include="Src\Rendering\RenderSceneBuilder.h">
      <Filter>头文件</Filter>
    </ClInclude>
    <ClInclude Include="Src\Rendering\SceneCuller.h">
      <Filter>头文件</Filter>
    </ClInclude>
    <ClInclude Include="Src\Rendering\RenderItemSorter.h">
      <Filter>头文件</Filter>
    </ClInclude>
    <ClInclude Include="Src\Rendering\Backend\RenderBackend.h">
      <Filter>头文件</Filter>
    </ClInclude>
    <ClInclude Include="Src\Rendering\Backend\OpenGLContext.h">
      <Filter>头文件</Filter>
    </ClInclude>
    <ClInclude Include="Src\Rendering\Backend\OpenGLRenderBackend.h">
      <Filter>头文件</Filter>
    </ClInclude>
    <ClInclude Include="Src\Rendering\GpuResourceManager.h">
      <Filter>头文件</Filter>
    </ClInclude>
    <ClInclude Include="Src\Rendering\ForwardPipeline.h">
      <Filter>头文件</Filter>
    </ClInclude>
    <ClInclude Include="Src\Rendering\RenderSystem.h">
      <Filter>头文件</Filter>
    </ClInclude>
    <ClInclude Include="Src\Runtime\RenderSettings.h">
      <Filter>头文件</Filter>
    </ClInclude>
    <ClInclude Include="Src\ThirdParty\glad\include\KHR\khrplatform.h">
      <Filter>头文件</Filter>
    </ClInclude>
    <ClInclude Include="Src\ThirdParty\glad\include\glad\gl.h">
      <Filter>头文件</Filter>
    </ClInclude>
  </ItemGroup>
  <ItemGroup>
    <ClCompile Include="Src\Application.cpp">
      <Filter>源文件</Filter>
    </ClCompile>
    <ClCompile Include="Src\example_world.cpp">
      <Filter>源文件</Filter>
    </ClCompile>
    <ClCompile Include="Src\FileSystem\FileSystem.cpp">
      <Filter>源文件</Filter>
    </ClCompile>
    <ClCompile Include="Src\Log\Log.cpp">
      <Filter>源文件</Filter>
    </ClCompile>
    <ClCompile Include="Src\Memory\MemoryManager.cpp">
      <Filter>源文件</Filter>
    </ClCompile>
    <ClCompile Include="Src\main.cpp">
      <Filter>源文件</Filter>
    </ClCompile>
    <ClCompile Include="Src\Profiler\Profiler.cpp">
      <Filter>源文件</Filter>
    </ClCompile>
    <ClCompile Include="Src\Runtime\Object.cpp">
      <Filter>源文件</Filter>
    </ClCompile>
    <ClCompile Include="Src\Runtime\EnsId.cpp">
      <Filter>源文件</Filter>
    </ClCompile>
    <ClCompile Include="Src\Runtime\Ens.cpp">
      <Filter>源文件</Filter>
    </ClCompile>
    <ClCompile Include="Src\Runtime\World.cpp">
      <Filter>源文件</Filter>
    </ClCompile>
    <ClCompile Include="Src\Runtime\Generated\Reflection.Generated.cpp">
      <Filter>源文件</Filter>
    </ClCompile>
    <ClCompile Include="Src\Runtime\Reflection.cpp">
      <Filter>源文件</Filter>
    </ClCompile>
    <ClCompile Include="Src\Runtime\WorldSerializer.cpp">
      <Filter>源文件</Filter>
    </ClCompile>
    <ClCompile Include="Src\examples.cpp">
      <Filter>源文件</Filter>
    </ClCompile>
    <ClCompile Include="Src\Runtime\SpaceComponent.cpp">
      <Filter>源文件</Filter>
    </ClCompile>
    <ClCompile Include="Src\Runtime\AssetPipeline.cpp">
      <Filter>源文件</Filter>
    </ClCompile>
    <ClCompile Include="Src\Runtime\ResourceManager.cpp">
      <Filter>源文件</Filter>
    </ClCompile>
    <ClCompile Include="Src\Runtime\Resources\Material.cpp">
      <Filter>源文件</Filter>
    </ClCompile>
    <ClCompile Include="Src\Runtime\Resources\MaterialShader.cpp">
      <Filter>源文件</Filter>
    </ClCompile>
    <ClCompile Include="Src\Runtime\Resources\Mesh.cpp">
      <Filter>源文件</Filter>
    </ClCompile>
    <ClCompile Include="Src\Runtime\Resources\Texture2D.cpp">
      <Filter>源文件</Filter>
    </ClCompile>
    <ClCompile Include="Src\Runtime\Resources\Skybox.cpp">
      <Filter>源文件</Filter>
    </ClCompile>
    <ClCompile Include="Src\Platform\GlfwWindow.cpp">
      <Filter>源文件</Filter>
    </ClCompile>
    <ClCompile Include="Src\Platform\InputManager.cpp">
      <Filter>源文件</Filter>
    </ClCompile>
    <ClCompile Include="Src\Runtime\Camera.cpp">
      <Filter>源文件</Filter>
    </ClCompile>
    <ClCompile Include="Src\Runtime\DirectionalLight.cpp">
      <Filter>源文件</Filter>
    </ClCompile>
    <ClCompile Include="Src\Runtime\StaticMeshRenderer.cpp">
      <Filter>源文件</Filter>
    </ClCompile>
    <ClCompile Include="Src\Rendering\RenderMath.cpp">
      <Filter>源文件</Filter>
    </ClCompile>
    <ClCompile Include="Src\Rendering\RenderScene.cpp">
      <Filter>源文件</Filter>
    </ClCompile>
    <ClCompile Include="Src\Rendering\SpaceCache.cpp">
      <Filter>源文件</Filter>
    </ClCompile>
    <ClCompile Include="Src\Rendering\RenderSceneBuilder.cpp">
      <Filter>源文件</Filter>
    </ClCompile>
    <ClCompile Include="Src\Rendering\SceneCuller.cpp">
      <Filter>源文件</Filter>
    </ClCompile>
    <ClCompile Include="Src\Rendering\RenderItemSorter.cpp">
      <Filter>源文件</Filter>
    </ClCompile>
    <ClCompile Include="Src\Rendering\Backend\OpenGLContext.cpp">
      <Filter>源文件</Filter>
    </ClCompile>
    <ClCompile Include="Src\Rendering\Backend\OpenGLRenderBackend.cpp">
      <Filter>源文件</Filter>
    </ClCompile>
    <ClCompile Include="Src\Rendering\GpuResourceManager.cpp">
      <Filter>源文件</Filter>
    </ClCompile>
    <ClCompile Include="Src\Rendering\ForwardPipeline.cpp">
      <Filter>源文件</Filter>
    </ClCompile>
    <ClCompile Include="Src\Rendering\RenderSystem.cpp">
      <Filter>源文件</Filter>
    </ClCompile>
    <ClCompile Include="Src\ThirdParty\glad\src\gl.c">
      <Filter>源文件</Filter>
    </ClCompile>
  </ItemGroup>
  <ItemGroup>
    <None Include="..\Resources\Examples\World\Meshes\cube.obj">
      <Filter>资源文件</Filter>
    </None>
    <None Include="..\Resources\Examples\World\Meshes\cube.mtl">
      <Filter>资源文件</Filter>
    </None>
    <None Include="..\Resources\Examples\World\Meshes\ground.obj">
      <Filter>资源文件</Filter>
    </None>
    <None Include="..\Resources\Examples\World\Meshes\ground.mtl">
      <Filter>资源文件</Filter>
    </None>
    <None Include="..\Resources\Examples\World\Shaders\blinn_phong_shadow.vert.glsl">
      <Filter>资源文件</Filter>
    </None>
    <None Include="..\Resources\Examples\World\Shaders\blinn_phong_shadow.frag.glsl">
      <Filter>资源文件</Filter>
    </None>
    <None Include="..\Resources\Examples\World\Textures\sky_blue.png">
      <Filter>资源文件</Filter>
    </None>
    <None Include="..\Resources\Engine\Shaders\shadow_depth.vert.glsl">
      <Filter>资源文件</Filter>
    </None>
    <None Include="..\Resources\Engine\Shaders\shadow_depth.frag.glsl">
      <Filter>资源文件</Filter>
    </None>
    <None Include="..\Resources\Engine\Shaders\skybox.vert.glsl">
      <Filter>资源文件</Filter>
    </None>
    <None Include="..\Resources\Engine\Shaders\skybox.frag.glsl">
      <Filter>资源文件</Filter>
    </None>
  </ItemGroup>
</Project>
