<?xml version="1.0" encoding="utf-8"?>
<Project ToolsVersion="4.0" xmlns="http://schemas.microsoft.com/developer/msbuild/2003">
  <ItemGroup>
    <Filter Include="源文件">
      <UniqueIdentifier>{4FC737F1-C7A5-4376-A066-2A32D752A2FF}</UniqueIdentifier>
      <Extensions>cpp;c;cc;cxx;c++;cppm;ixx;def;odl;idl;hpj;bat;asm;asmx</Extensions>
    </Filter>
    <Filter Include="头文件">
      <UniqueIdentifier>{93995380-89BD-4b04-88EB-625FBE52EBFB}</UniqueIdentifier>
      <Extensions>h;hh;hpp;hxx;h++;hm;inl;inc;ipp;xsd</Extensions>
    </Filter>
    <Filter Include="资源文件">
      <UniqueIdentifier>{67DA6AB6-F800-4c08-8B7A-83BB121AAD01}</UniqueIdentifier>
      <Extensions>rc;ico;cur;bmp;dlg;rc2;rct;bin;rgs;gif;jpg;jpeg;jpe;resx;tiff;tif;png;wav;mfcribbon-ms</Extensions>
    </Filter>
  </ItemGroup>
  <ItemGroup>
    <ClInclude Include="Src\Application.h">
      <Filter>头文件</Filter>
    </ClInclude>
    <ClInclude Include="Src\Defines\types.h">
      <Filter>头文件</Filter>
    </ClInclude>
    <ClInclude Include="Src\FileSystem\FileSystem.h">
      <Filter>头文件</Filter>
    </ClInclude>
    <ClInclude Include="Src\Log\Log.h">
      <Filter>头文件</Filter>
    </ClInclude>
    <ClInclude Include="Src\Memory\MemoryManager.h">
      <Filter>头文件</Filter>
    </ClInclude>
    <ClInclude Include="Src\Runtime\Object\Object.h">
      <Filter>头文件</Filter>
    </ClInclude>
    <ClInclude Include="Src\Runtime\ContentContext.h">
      <Filter>头文件</Filter>
    </ClInclude>
    <ClInclude Include="Src\Runtime\EnsId.h">
      <Filter>头文件</Filter>
    </ClInclude>
    <ClInclude Include="Src\Runtime\Ens.h">
      <Filter>头文件</Filter>
    </ClInclude>
    <ClInclude Include="Src\Runtime\EngineTypes.h">
      <Filter>头文件</Filter>
    </ClInclude>
    <ClInclude Include="Src\Profiler\Profiler.h">
      <Filter>头文件</Filter>
    </ClInclude>
    <ClInclude Include="Src\Runtime\World.h">
      <Filter>头文件</Filter>
    </ClInclude>
    <ClInclude Include="Src\Runtime\Reflection.h">
      <Filter>头文件</Filter>
    </ClInclude>
    <ClInclude Include="Src\Runtime\WorldSerializer.h">
      <Filter>头文件</Filter>
    </ClInclude>
    <ClInclude Include="Src\Runtime\Object\SpaceComponent.h">
      <Filter>头文件</Filter>
    </ClInclude>
    <ClInclude Include="Src\Runtime\AssetPipeline.h">
      <Filter>头文件</Filter>
    </ClInclude>
    <ClInclude Include="Src\Runtime\Managed\ScriptComponentBinds.h">
      <Filter>头文件</Filter>
    </ClInclude>
    <ClInclude Include="Src\Runtime\Managed\ScriptSystem.h">
      <Filter>头文件</Filter>
    </ClInclude>
    <ClInclude Include="Src\Runtime\Managed\ManagedRuntimeOverlay.h">
      <Filter>头文件</Filter>
    </ClInclude>
    <ClInclude Include="Src\Runtime\Gui\RuntimeGuiBridge.h">
      <Filter>头文件</Filter>
    </ClInclude>
    <ClInclude Include="Src\Runtime\ResourceManager.h">
      <Filter>头文件</Filter>
    </ClInclude>
    <ClInclude Include="Src\Runtime\Object\Material.h">
      <Filter>头文件</Filter>
    </ClInclude>
    <ClInclude Include="Src\Runtime\Object\Shader.h">
      <Filter>头文件</Filter>
    </ClInclude>
    <ClInclude Include="Src\Runtime\Object\Mesh.h">
      <Filter>头文件</Filter>
    </ClInclude>
    <ClInclude Include="Src\Runtime\Object\Texture2D.h">
      <Filter>头文件</Filter>
    </ClInclude>
    <ClInclude Include="Src\Runtime\Object\Skybox.h">
      <Filter>头文件</Filter>
    </ClInclude>
    <ClInclude Include="Src\Runtime\Object\ScriptsComponent.h">
      <Filter>头文件</Filter>
    </ClInclude>
    <ClInclude Include="Src\ThirdParty\stb\stb_image.h">
      <Filter>头文件</Filter>
    </ClInclude>
    <ClInclude Include="Src\Platform\Window.h">
      <Filter>头文件</Filter>
    </ClInclude>
    <ClInclude Include="Src\Platform\DynamicLibrary.h">
      <Filter>头文件</Filter>
    </ClInclude>
    <ClInclude Include="Src\Platform\GlfwWindow.h">
      <Filter>头文件</Filter>
    </ClInclude>
    <ClInclude Include="Src\Platform\InputManager.h">
      <Filter>头文件</Filter>
    </ClInclude>
    <ClInclude Include="Src\Runtime\Object\Camera.h">
      <Filter>头文件</Filter>
    </ClInclude>
    <ClInclude Include="Src\Runtime\Object\DirectionalLight.h">
      <Filter>头文件</Filter>
    </ClInclude>
    <ClInclude Include="Src\Runtime\ComponentStorage.h">
      <Filter>头文件</Filter>
    </ClInclude>
    <ClInclude Include="Src\Runtime\Object\StaticMeshRenderer.h">
      <Filter>头文件</Filter>
    </ClInclude>
    <ClInclude Include="Src\Rendering\RenderTypes.h">
      <Filter>头文件</Filter>
    </ClInclude>
    <ClInclude Include="Src\Rendering\RenderMath.h">
      <Filter>头文件</Filter>
    </ClInclude>
    <ClInclude Include="Src\Rendering\RenderScene.h">
      <Filter>头文件</Filter>
    </ClInclude>
    <ClInclude Include="Src\Rendering\SpaceCache.h">
      <Filter>头文件</Filter>
    </ClInclude>
    <ClInclude Include="Src\Rendering\RenderSceneBuilder.h">
      <Filter>头文件</Filter>
    </ClInclude>
    <ClInclude Include="Src\Rendering\SceneCuller.h">
      <Filter>头文件</Filter>
    </ClInclude>
    <ClInclude Include="Src\Rendering\RenderItemSorter.h">
      <Filter>头文件</Filter>
    </ClInclude>
    <ClInclude Include="Src\Rendering\Backend\RenderBackend.h">
      <Filter>头文件</Filter>
    </ClInclude>
    <ClInclude Include="Src\Rendering\Backend\OpenGLContext.h">
      <Filter>头文件</Filter>
    </ClInclude>
    <ClInclude Include="Src\Rendering\Backend\OpenGLRenderBackend.h">
      <Filter>头文件</Filter>
    </ClInclude>
    <ClInclude Include="Src\Rendering\GpuResourceManager.h">
      <Filter>头文件</Filter>
    </ClInclude>
    <ClInclude Include="Src\Rendering\ForwardPipeline.h">
      <Filter>头文件</Filter>
    </ClInclude>
    <ClInclude Include="Src\Rendering\ImGuiLayer.h">
      <Filter>头文件</Filter>
    </ClInclude>
    <ClInclude Include="Src\Rendering\RenderSystem.h">
      <Filter>头文件</Filter>
    </ClInclude>
    <ClInclude Include="Src\Runtime\RenderSettings.h">
      <Filter>头文件</Filter>
    </ClInclude>
    <ClInclude Include="Src\ThirdParty\glad\include\KHR\khrplatform.h">
      <Filter>头文件</Filter>
    </ClInclude>
    <ClInclude Include="Src\ThirdParty\glad\include\glad\gl.h">
      <Filter>头文件</Filter>
    </ClInclude>
    <ClInclude Include="Src\ThirdParty\dotnet\include\coreclr_delegates.h">
      <Filter>头文件</Filter>
    </ClInclude>
    <ClInclude Include="Src\ThirdParty\dotnet\include\hostfxr.h">
      <Filter>头文件</Filter>
    </ClInclude>
    <ClInclude Include="Src\ThirdParty\dotnet\include\nethost.h">
      <Filter>头文件</Filter>
    </ClInclude>
    <ClInclude Include="Src\ThirdParty\imgui\backends\imgui_impl_glfw.h">
      <Filter>头文件</Filter>
    </ClInclude>
    <ClInclude Include="Src\ThirdParty\imgui\backends\imgui_impl_opengl3.h">
      <Filter>头文件</Filter>
    </ClInclude>
    <ClInclude Include="Src\ThirdParty\imgui\imconfig.h">
      <Filter>头文件</Filter>
    </ClInclude>
    <ClInclude Include="Src\ThirdParty\imgui\imgui.h">
      <Filter>头文件</Filter>
    </ClInclude>
    <ClInclude Include="Src\ThirdParty\imgui\imgui_internal.h">
      <Filter>头文件</Filter>
    </ClInclude>
    <ClInclude Include="Src\ThirdParty\imgui\imstb_rectpack.h">
      <Filter>头文件</Filter>
    </ClInclude>
    <ClInclude Include="Src\ThirdParty\imgui\imstb_textedit.h">
      <Filter>头文件</Filter>
    </ClInclude>
    <ClInclude Include="Src\ThirdParty\imgui\imstb_truetype.h">
      <Filter>头文件</Filter>
    </ClInclude>
  </ItemGroup>
  <ItemGroup>
    <ClCompile Include="Src\Application.cpp">
      <Filter>源文件</Filter>
    </ClCompile>
    <ClCompile Include="Src\FileSystem\FileSystem.cpp">
      <Filter>源文件</Filter>
    </ClCompile>
    <ClCompile Include="Src\Log\Log.cpp">
      <Filter>源文件</Filter>
    </ClCompile>
    <ClCompile Include="Src\Memory\MemoryManager.cpp">
      <Filter>源文件</Filter>
    </ClCompile>
    <ClCompile Include="Src\Profiler\Profiler.cpp">
      <Filter>源文件</Filter>
    </ClCompile>
    <ClCompile Include="Src\Runtime\Object\Object.cpp">
      <Filter>源文件</Filter>
    </ClCompile>
    <ClCompile Include="Src\Runtime\ContentContext.cpp">
      <Filter>源文件</Filter>
    </ClCompile>
    <ClCompile Include="Src\Runtime\EnsId.cpp">
      <Filter>源文件</Filter>
    </ClCompile>
    <ClCompile Include="Src\Runtime\ComponentStorage.cpp">
      <Filter>源文件</Filter>
    </ClCompile>
    <ClCompile Include="Src\Runtime\Ens.cpp">
      <Filter>源文件</Filter>
    </ClCompile>
    <ClCompile Include="Src\Runtime\World.cpp">
      <Filter>源文件</Filter>
    </ClCompile>
    <ClCompile Include="Src\Runtime\Generated\Reflection.Generated.cpp">
      <Filter>源文件</Filter>
    </ClCompile>
    <ClCompile Include="Src\Runtime\Reflection.cpp">
      <Filter>源文件</Filter>
    </ClCompile>
    <ClCompile Include="Src\Runtime\WorldSerializer.cpp">
      <Filter>源文件</Filter>
    </ClCompile>
    <ClCompile Include="Src\Runtime\Object\SpaceComponent.cpp">
      <Filter>源文件</Filter>
    </ClCompile>
    <ClCompile Include="Src\Runtime\AssetPipeline.cpp">
      <Filter>源文件</Filter>
    </ClCompile>
    <ClCompile Include="Src\Runtime\Managed\ScriptComponentBinds.cpp">
      <Filter>源文件</Filter>
    </ClCompile>
    <ClCompile Include="Src\Runtime\Managed\ScriptSystem.cpp">
      <Filter>源文件</Filter>
    </ClCompile>
    <ClCompile Include="Src\Runtime\Managed\ManagedRuntimeOverlay.cpp">
      <Filter>源文件</Filter>
    </ClCompile>
    <ClCompile Include="Src\Runtime\Gui\RuntimeGuiBridge.cpp">
      <Filter>源文件</Filter>
    </ClCompile>
    <ClCompile Include="Src\Runtime\ResourceManager.cpp">
      <Filter>源文件</Filter>
    </ClCompile>
    <ClCompile Include="Src\Runtime\Object\Material.cpp">
      <Filter>源文件</Filter>
    </ClCompile>
    <ClCompile Include="Src\Runtime\Object\Shader.cpp">
      <Filter>源文件</Filter>
    </ClCompile>
    <ClCompile Include="Src\Runtime\Object\Mesh.cpp">
      <Filter>源文件</Filter>
    </ClCompile>
    <ClCompile Include="Src\Runtime\Object\Texture2D.cpp">
      <Filter>源文件</Filter>
    </ClCompile>
    <ClCompile Include="Src\Runtime\Object\Skybox.cpp">
      <Filter>源文件</Filter>
    </ClCompile>
    <ClCompile Include="Src\Runtime\Object\ScriptsComponent.cpp">
      <Filter>源文件</Filter>
    </ClCompile>
    <ClCompile Include="Src\Platform\GlfwWindow.cpp">
      <Filter>源文件</Filter>
    </ClCompile>
    <ClCompile Include="Src\Platform\DynamicLibrary.cpp">
      <Filter>源文件</Filter>
    </ClCompile>
    <ClCompile Include="Src\Platform\InputManager.cpp">
      <Filter>源文件</Filter>
    </ClCompile>
    <ClCompile Include="Src\Runtime\Object\Camera.cpp">
      <Filter>源文件</Filter>
    </ClCompile>
    <ClCompile Include="Src\Runtime\Object\DirectionalLight.cpp">
      <Filter>源文件</Filter>
    </ClCompile>
    <ClCompile Include="Src\Runtime\Object\StaticMeshRenderer.cpp">
      <Filter>源文件</Filter>
    </ClCompile>
    <ClCompile Include="Src\Rendering\RenderMath.cpp">
      <Filter>源文件</Filter>
    </ClCompile>
    <ClCompile Include="Src\Rendering\RenderScene.cpp">
      <Filter>源文件</Filter>
    </ClCompile>
    <ClCompile Include="Src\Rendering\SpaceCache.cpp">
      <Filter>源文件</Filter>
    </ClCompile>
    <ClCompile Include="Src\Rendering\RenderSceneBuilder.cpp">
      <Filter>源文件</Filter>
    </ClCompile>
    <ClCompile Include="Src\Rendering\SceneCuller.cpp">
      <Filter>源文件</Filter>
    </ClCompile>
    <ClCompile Include="Src\Rendering\RenderItemSorter.cpp">
      <Filter>源文件</Filter>
    </ClCompile>
    <ClCompile Include="Src\Rendering\Backend\OpenGLContext.cpp">
      <Filter>源文件</Filter>
    </ClCompile>
    <ClCompile Include="Src\Rendering\Backend\OpenGLRenderBackend.cpp">
      <Filter>源文件</Filter>
    </ClCompile>
    <ClCompile Include="Src\Rendering\GpuResourceManager.cpp">
      <Filter>源文件</Filter>
    </ClCompile>
    <ClCompile Include="Src\Rendering\ForwardPipeline.cpp">
      <Filter>源文件</Filter>
    </ClCompile>
    <ClCompile Include="Src\Rendering\RenderSystem.cpp">
      <Filter>源文件</Filter>
    </ClCompile>
    <ClCompile Include="Src\Rendering\ImGuiLayer.cpp">
      <Filter>源文件</Filter>
    </ClCompile>
    <ClCompile Include="Src\ThirdParty\glad\src\gl.c">
      <Filter>源文件</Filter>
    </ClCompile>
    <ClCompile Include="Src\ThirdParty\imgui\backends\imgui_impl_glfw.cpp">
      <Filter>源文件</Filter>
    </ClCompile>
    <ClCompile Include="Src\ThirdParty\imgui\backends\imgui_impl_opengl3_orbeden.cpp">
      <Filter>源文件</Filter>
    </ClCompile>
    <ClCompile Include="Src\ThirdParty\imgui\imgui.cpp">
      <Filter>源文件</Filter>
    </ClCompile>
    <ClCompile Include="Src\ThirdParty\imgui\imgui_draw.cpp">
      <Filter>源文件</Filter>
    </ClCompile>
    <ClCompile Include="Src\ThirdParty\imgui\imgui_tables.cpp">
      <Filter>源文件</Filter>
    </ClCompile>
    <ClCompile Include="Src\ThirdParty\imgui\imgui_widgets.cpp">
      <Filter>源文件</Filter>
    </ClCompile>
  </ItemGroup>
  <ItemGroup>
    <None Include="Src\Runtime\Managed\OrbedenCore.runtimeconfig.json">
      <Filter>资源文件</Filter>
    </None>
    <None Include="Managed\Orbeden.Runtime\Component.cs">
      <Filter>资源文件</Filter>
    </None>
    <None Include="Managed\Orbeden.Runtime\Ens.cs">
      <Filter>资源文件</Filter>
    </None>
    <None Include="Managed\Orbeden.Runtime\EnsBind.cs">
      <Filter>资源文件</Filter>
    </None>
    <None Include="Managed\Orbeden.Runtime\GUI.cs">
      <Filter>资源文件</Filter>
    </None>
    <None Include="Managed\Orbeden.Runtime\NativeGui.cs">
      <Filter>资源文件</Filter>
    </None>
    <None Include="Managed\Orbeden.Runtime\Orbeden.Runtime.csproj">
      <Filter>资源文件</Filter>
    </None>
    <None Include="Managed\Orbeden.Runtime\RuntimeTypes.cs">
      <Filter>资源文件</Filter>
    </None>
    <None Include="Managed\Orbeden.Runtime\ScriptBehaviour.cs">
      <Filter>资源文件</Filter>
    </None>
    <None Include="Managed\Orbeden.Runtime\ScriptRuntime.cs">
      <Filter>资源文件</Filter>
    </None>
    <None Include="Managed\Orbeden.Runtime\SpaceComponentBind.cs">
      <Filter>资源文件</Filter>
    </None>
    <None Include="Managed\Orbeden.Runtime\StaticMeshRendererBind.cs">
      <Filter>资源文件</Filter>
    </None>
    <None Include="Src\ThirdParty\dotnet\README.md">
      <Filter>资源文件</Filter>
    </None>
    <None Include="Src\ThirdParty\dotnet\lib\win-x64\nethost.dll">
      <Filter>资源文件</Filter>
    </None>
    <None Include="Src\ThirdParty\dotnet\lib\win-x64\nethost.lib">
      <Filter>资源文件</Filter>
    </None>
    <None Include="Src\ThirdParty\dotnet\lib\win-x86\nethost.dll">
      <Filter>资源文件</Filter>
    </None>
    <None Include="Src\ThirdParty\dotnet\lib\win-x86\nethost.lib">
      <Filter>资源文件</Filter>
    </None>
  </ItemGroup>
</Project>
